
Microsoft Visual Studio Solution File, Format Version 12.00
# Visual Studio Version 16
VisualStudioVersion = 16.0.30406.217
MinimumVisualStudioVersion = 10.0.40219.1
Project("{8BC9CEB8-8B4A-11D0-8D11-00A0C91BC942}") = "Graph_CenterLine", "Graph_CenterLine.vcxproj", "{BF049C30-09B1-4313-984D-44B13C8AC8B4}"
EndProject
Global
	GlobalSection(SolutionConfigurationPlatforms) = preSolution
		Debug|x64 = Debug|x64
		Debug|x86 = Debug|x86
		Release|x64 = Release|x64
		Release|x86 = Release|x86
	EndGlobalSection
	GlobalSection(ProjectConfigurationPlatforms) = postSolution
		{BF049C30-09B1-4313-984D-44B13C8AC8B4}.Debug|x64.ActiveCfg = Debug|x64
		{BF049C30-09B1-4313-984D-44B13C8AC8B4}.Debug|x64.Build.0 = Debug|x64
		{BF049C30-09B1-4313-984D-44B13C8AC8B4}.Debug|x86.ActiveCfg = Debug|Win32
		{BF049C30-09B1-4313-984D-44B13C8AC8B4}.Debug|x86.Build.0 = Debug|Win32
		{BF049C30-09B1-4313-984D-44B13C8AC8B4}.Release|x64.ActiveCfg = Release|x64
		{BF049C30-09B1-4313-984D-44B13C8AC8B4}.Release|x64.Build.0 = Release|x64
		{BF049C30-09B1-4313-984D-44B13C8AC8B4}.Release|x86.ActiveCfg = Release|Win32
		{BF049C30-09B1-4313-984D-44B13C8AC8B4}.Release|x86.Build.0 = Release|Win32
	EndGlobalSection
	GlobalSection(SolutionProperties) = preSolution
		HideSolutionNode = FALSE
	EndGlobalSection
	GlobalSection(ExtensibilityGlobals) = postSolution
		SolutionGuid = {B6544045-DE8C-40F2-9AD2-6427B375AD8C}
	EndGlobalSection
EndGlobal
